
Microsoft Visual Studio Solution File, Format Version 12.00
# Visual Studio Version 16
VisualStudioVersion = 16.0.29306.81
MinimumVisualStudioVersion = 10.0.40219.1
Project("{FAE04EC0-301F-11D3-BF4B-00C04F79EFBC}") = "Question2", "Question2\Question2.csproj", "{1C8643B3-4830-4784-9A8F-43D4421185EE}"
EndProject
Global
	GlobalSection(SolutionConfigurationPlatforms) = preSolution
		Debug|Any CPU = Debug|Any CPU
		Release|Any CPU = Release|Any CPU
	EndGlobalSection
	GlobalSection(ProjectConfigurationPlatforms) = postSolution
		{1C8643B3-4830-4784-9A8F-43D4421185EE}.Debug|Any CPU.ActiveCfg = Debug|Any CPU
		{1C8643B3-4830-4784-9A8F-43D4421185EE}.Debug|Any CPU.Build.0 = Debug|Any CPU
		{1C8643B3-4830-4784-9A8F-43D4421185EE}.Release|Any CPU.ActiveCfg = Release|Any CPU
		{1C8643B3-4830-4784-9A8F-43D4421185EE}.Release|Any CPU.Build.0 = Release|Any CPU
	EndGlobalSection
	GlobalSection(SolutionProperties) = preSolution
		HideSolutionNode = FALSE
	EndGlobalSection
	GlobalSection(ExtensibilityGlobals) = postSolution
		SolutionGuid = {79A1715C-8E45-454A-83D9-D91BBAB2A240}
	EndGlobalSection
EndGlobal
