
Microsoft Visual Studio Solution File, Format Version 12.00
# Visual Studio Version 16
VisualStudioVersion = 16.0.29306.81
MinimumVisualStudioVersion = 10.0.40219.1
Project("{FAE04EC0-301F-11D3-BF4B-00C04F79EFBC}") = "Question1", "Question1\Question1.csproj", "{36C46FFD-6A69-4102-8017-8E609416F8CB}"
EndProject
Global
	GlobalSection(SolutionConfigurationPlatforms) = preSolution
		Debug|Any CPU = Debug|Any CPU
		Release|Any CPU = Release|Any CPU
	EndGlobalSection
	GlobalSection(ProjectConfigurationPlatforms) = postSolution
		{36C46FFD-6A69-4102-8017-8E609416F8CB}.Debug|Any CPU.ActiveCfg = Debug|Any CPU
		{36C46FFD-6A69-4102-8017-8E609416F8CB}.Debug|Any CPU.Build.0 = Debug|Any CPU
		{36C46FFD-6A69-4102-8017-8E609416F8CB}.Release|Any CPU.ActiveCfg = Release|Any CPU
		{36C46FFD-6A69-4102-8017-8E609416F8CB}.Release|Any CPU.Build.0 = Release|Any CPU
	EndGlobalSection
	GlobalSection(SolutionProperties) = preSolution
		HideSolutionNode = FALSE
	EndGlobalSection
	GlobalSection(ExtensibilityGlobals) = postSolution
		SolutionGuid = {18F42B72-010B-4C78-BD59-927898225071}
	EndGlobalSection
EndGlobal
